
Microsoft Visual Studio Solution File, Format Version 12.00
# Visual Studio Version 16
VisualStudioVersion = 16.0.30001.183
MinimumVisualStudioVersion = 10.0.40219.1
Project("{9A19103F-16F7-4668-BE54-9A1E7A4F7556}") = "libvt100", "src\libvt100.csproj", "{1207872C-AD4D-4EEE-B222-B55904B6D488}"
EndProject
Project("{FAE04EC0-301F-11D3-BF4B-00C04F79EFBC}") = "UnitTests", "tests\UnitTests.csproj", "{8B1E1C50-87F9-4441-B227-91317EB9CACC}"
	ProjectSection(ProjectDependencies) = postProject
		{1207872C-AD4D-4EEE-B222-B55904B6D488} = {1207872C-AD4D-4EEE-B222-B55904B6D488}
	EndProjectSection
EndProject
Global
	GlobalSection(SolutionConfigurationPlatforms) = preSolution
		Debug|Any CPU = Debug|Any CPU
		Release|Any CPU = Release|Any CPU
	EndGlobalSection
	GlobalSection(ProjectConfigurationPlatforms) = postSolution
		{1207872C-AD4D-4EEE-B222-B55904B6D488}.Debug|Any CPU.ActiveCfg = Debug|Any CPU
		{1207872C-AD4D-4EEE-B222-B55904B6D488}.Debug|Any CPU.Build.0 = Debug|Any CPU
		{1207872C-AD4D-4EEE-B222-B55904B6D488}.Release|Any CPU.ActiveCfg = Release|Any CPU
		{1207872C-AD4D-4EEE-B222-B55904B6D488}.Release|Any CPU.Build.0 = Release|Any CPU
		{8B1E1C50-87F9-4441-B227-91317EB9CACC}.Debug|Any CPU.ActiveCfg = Debug|Any CPU
		{8B1E1C50-87F9-4441-B227-91317EB9CACC}.Debug|Any CPU.Build.0 = Debug|Any CPU
		{8B1E1C50-87F9-4441-B227-91317EB9CACC}.Release|Any CPU.ActiveCfg = Release|Any CPU
		{8B1E1C50-87F9-4441-B227-91317EB9CACC}.Release|Any CPU.Build.0 = Release|Any CPU
	EndGlobalSection
	GlobalSection(SolutionProperties) = preSolution
		HideSolutionNode = FALSE
	EndGlobalSection
	GlobalSection(ExtensibilityGlobals) = postSolution
		SolutionGuid = {92FE4E6D-C40B-472E-A6BA-9060FF2B471A}
	EndGlobalSection
EndGlobal
